
Microsoft Visual Studio Solution File, Format Version 12.00
# Visual Studio Version 17
VisualStudioVersion = 17.10.35013.160
MinimumVisualStudioVersion = 10.0.40219.1
Project("{FAE04EC0-301F-11D3-BF4B-00C04F79EFBC}") = "Lynx", "Lynx\Lynx.csproj", "{0768FEA3-5865-4D29-A252-A0E6339B792B}"
EndProject
Project("{FAE04EC0-301F-11D3-BF4B-00C04F79EFBC}") = "Lynx.Infrastructure", "Lynx.Infrastructure\Lynx.Infrastructure.csproj", "{58400A8C-F659-4533-84B8-BA26BF634122}"
EndProject
Project("{FAE04EC0-301F-11D3-BF4B-00C04F79EFBC}") = "Lynx.Core", "Lynx.Core\Lynx.Core.csproj", "{FDC06DDB-681B-4E4F-BC42-16A27BA68468}"
EndProject
Global
	GlobalSection(SolutionConfigurationPlatforms) = preSolution
		Debug|Any CPU = Debug|Any CPU
		Release|Any CPU = Release|Any CPU
	EndGlobalSection
	GlobalSection(ProjectConfigurationPlatforms) = postSolution
		{0768FEA3-5865-4D29-A252-A0E6339B792B}.Debug|Any CPU.ActiveCfg = Debug|Any CPU
		{0768FEA3-5865-4D29-A252-A0E6339B792B}.Debug|Any CPU.Build.0 = Debug|Any CPU
		{0768FEA3-5865-4D29-A252-A0E6339B792B}.Release|Any CPU.ActiveCfg = Release|Any CPU
		{0768FEA3-5865-4D29-A252-A0E6339B792B}.Release|Any CPU.Build.0 = Release|Any CPU
		{58400A8C-F659-4533-84B8-BA26BF634122}.Debug|Any CPU.ActiveCfg = Debug|Any CPU
		{58400A8C-F659-4533-84B8-BA26BF634122}.Debug|Any CPU.Build.0 = Debug|Any CPU
		{58400A8C-F659-4533-84B8-BA26BF634122}.Release|Any CPU.ActiveCfg = Release|Any CPU
		{58400A8C-F659-4533-84B8-BA26BF634122}.Release|Any CPU.Build.0 = Release|Any CPU
		{FDC06DDB-681B-4E4F-BC42-16A27BA68468}.Debug|Any CPU.ActiveCfg = Debug|Any CPU
		{FDC06DDB-681B-4E4F-BC42-16A27BA68468}.Debug|Any CPU.Build.0 = Debug|Any CPU
		{FDC06DDB-681B-4E4F-BC42-16A27BA68468}.Release|Any CPU.ActiveCfg = Release|Any CPU
		{FDC06DDB-681B-4E4F-BC42-16A27BA68468}.Release|Any CPU.Build.0 = Release|Any CPU
	EndGlobalSection
	GlobalSection(SolutionProperties) = preSolution
		HideSolutionNode = FALSE
	EndGlobalSection
	GlobalSection(ExtensibilityGlobals) = postSolution
		SolutionGuid = {548A207A-E4D7-4161-97B8-49E66D83041F}
	EndGlobalSection
EndGlobal
